
Microsoft Visual Studio Solution File, Format Version 12.00
# Visual Studio Version 16
VisualStudioVersion = 16.0.31402.337
MinimumVisualStudioVersion = 10.0.40219.1
Project("{D954291E-2A0B-460D-934E-DC6B0785DB48}") = "POSUNO1.Shared", "POSUNO1\POSUNO1.Shared\POSUNO1.Shared.shproj", "{6279C845-92F8-4333-AB99-3D213163593C}"
EndProject
Project("{2150E333-8FDC-42A3-9474-1A3956D46DE8}") = "Platforms", "Platforms", "{5496DC9B-8D1B-49E8-BE91-43A5FE089AAB}"
EndProject
Project("{FAE04EC0-301F-11D3-BF4B-00C04F79EFBC}") = "POSUNO1.Droid", "POSUNO1\POSUNO1.Droid\POSUNO1.Droid.csproj", "{36A996FC-D266-4527-859A-A99331AAF6EF}"
EndProject
Project("{FAE04EC0-301F-11D3-BF4B-00C04F79EFBC}") = "POSUNO1.iOS", "POSUNO1\POSUNO1.iOS\POSUNO1.iOS.csproj", "{93F208E4-0A74-46C7-BB18-BB17E1F23D37}"
EndProject
Project("{FAE04EC0-301F-11D3-BF4B-00C04F79EFBC}") = "POSUNO1.UWP", "POSUNO1\POSUNO1.UWP\POSUNO1.UWP.csproj", "{D5D8D905-35C9-41E1-9259-AEA91E221E0C}"
EndProject
Project("{FAE04EC0-301F-11D3-BF4B-00C04F79EFBC}") = "POSUNO1.Wasm", "POSUNO1\POSUNO1.Wasm\POSUNO1.Wasm.csproj", "{0C5D7FBC-A406-4B31-A81D-7CD9B4A132DF}"
EndProject
Project("{FAE04EC0-301F-11D3-BF4B-00C04F79EFBC}") = "POSUNO1.macOS", "POSUNO1\POSUNO1.macOS\POSUNO1.macOS.csproj", "{925AEA36-FD81-4F76-A70B-1E0B14F8B347}"
EndProject
Project("{FAE04EC0-301F-11D3-BF4B-00C04F79EFBC}") = "POSUNO1.Skia.Wpf.Host", "POSUNO1\POSUNO1.Skia.Wpf.Host\POSUNO1.Skia.Wpf.Host.csproj", "{283620AC-C786-4D35-9CEB-0767F2C86F83}"
EndProject
Project("{FAE04EC0-301F-11D3-BF4B-00C04F79EFBC}") = "POSUNO1.Skia.Wpf", "POSUNO1\POSUNO1.Skia.Wpf\POSUNO1.Skia.Wpf.csproj", "{49EFFE1C-BE49-42E8-98A4-9AA9D9E65A5C}"
EndProject
Project("{FAE04EC0-301F-11D3-BF4B-00C04F79EFBC}") = "POSUNO1.Skia.Gtk", "POSUNO1\POSUNO1.Skia.Gtk\POSUNO1.Skia.Gtk.csproj", "{98C4D4E3-85A1-4B23-A97C-35794FD87C34}"
EndProject
Project("{FAE04EC0-301F-11D3-BF4B-00C04F79EFBC}") = "POSUNO1.Skia.Tizen", "POSUNO1\POSUNO1.Skia.Tizen\POSUNO1.Skia.Tizen.csproj", "{83858CA2-29F3-4F45-94D5-0553A74DB8F6}"
EndProject
Global
	GlobalSection(SharedMSBuildProjectFiles) = preSolution
		POSUNO1\POSUNO1.Shared\POSUNO1.Shared.projitems*{0c5d7fbc-a406-4b31-a81d-7cd9b4a132df}*SharedItemsImports = 5
		POSUNO1\POSUNO1.Shared\POSUNO1.Shared.projitems*{36a996fc-d266-4527-859a-a99331aaf6ef}*SharedItemsImports = 4
		POSUNO1\POSUNO1.Shared\POSUNO1.Shared.projitems*{49effe1c-be49-42e8-98a4-9aa9d9e65a5c}*SharedItemsImports = 5
		POSUNO1\POSUNO1.Shared\POSUNO1.Shared.projitems*{6279c845-92f8-4333-ab99-3d213163593c}*SharedItemsImports = 13
		POSUNO1\POSUNO1.Shared\POSUNO1.Shared.projitems*{83858ca2-29f3-4f45-94d5-0553a74db8f6}*SharedItemsImports = 5
		POSUNO1\POSUNO1.Shared\POSUNO1.Shared.projitems*{925aea36-fd81-4f76-a70b-1e0b14f8b347}*SharedItemsImports = 4
		POSUNO1\POSUNO1.Shared\POSUNO1.Shared.projitems*{93f208e4-0a74-46c7-bb18-bb17e1f23d37}*SharedItemsImports = 4
		POSUNO1\POSUNO1.Shared\POSUNO1.Shared.projitems*{98c4d4e3-85a1-4b23-a97c-35794fd87c34}*SharedItemsImports = 5
		POSUNO1\POSUNO1.Shared\POSUNO1.Shared.projitems*{d5d8d905-35c9-41e1-9259-aea91e221e0c}*SharedItemsImports = 4
	EndGlobalSection
	GlobalSection(SolutionConfigurationPlatforms) = preSolution
		Ad-Hoc|Any CPU = Ad-Hoc|Any CPU
		Ad-Hoc|ARM = Ad-Hoc|ARM
		Ad-Hoc|ARM64 = Ad-Hoc|ARM64
		Ad-Hoc|iPhone = Ad-Hoc|iPhone
		Ad-Hoc|iPhoneSimulator = Ad-Hoc|iPhoneSimulator
		Ad-Hoc|x64 = Ad-Hoc|x64
		Ad-Hoc|x86 = Ad-Hoc|x86
		AppStore|Any CPU = AppStore|Any CPU
		AppStore|ARM = AppStore|ARM
		AppStore|ARM64 = AppStore|ARM64
		AppStore|iPhone = AppStore|iPhone
		AppStore|iPhoneSimulator = AppStore|iPhoneSimulator
		AppStore|x64 = AppStore|x64
		AppStore|x86 = AppStore|x86
		Debug|Any CPU = Debug|Any CPU
		Debug|ARM = Debug|ARM
		Debug|ARM64 = Debug|ARM64
		Debug|iPhone = Debug|iPhone
		Debug|iPhoneSimulator = Debug|iPhoneSimulator
		Debug|x64 = Debug|x64
		Debug|x86 = Debug|x86
		Release|Any CPU = Release|Any CPU
		Release|ARM = Release|ARM
		Release|ARM64 = Release|ARM64
		Release|iPhone = Release|iPhone
		Release|iPhoneSimulator = Release|iPhoneSimulator
		Release|x64 = Release|x64
		Release|x86 = Release|x86
	EndGlobalSection
	GlobalSection(ProjectConfigurationPlatforms) = postSolution
		{36A996FC-D266-4527-859A-A99331AAF6EF}.Ad-Hoc|Any CPU.ActiveCfg = Debug|Any CPU
		{36A996FC-D266-4527-859A-A99331AAF6EF}.Ad-Hoc|Any CPU.Build.0 = Debug|Any CPU
		{36A996FC-D266-4527-859A-A99331AAF6EF}.Ad-Hoc|Any CPU.Deploy.0 = Debug|Any CPU
		{36A996FC-D266-4527-859A-A99331AAF6EF}.Ad-Hoc|ARM.ActiveCfg = Debug|Any CPU
		{36A996FC-D266-4527-859A-A99331AAF6EF}.Ad-Hoc|ARM.Build.0 = Debug|Any CPU
		{36A996FC-D266-4527-859A-A99331AAF6EF}.Ad-Hoc|ARM.Deploy.0 = Debug|Any CPU
		{36A996FC-D266-4527-859A-A99331AAF6EF}.Ad-Hoc|ARM64.ActiveCfg = Debug|Any CPU
		{36A996FC-D266-4527-859A-A99331AAF6EF}.Ad-Hoc|ARM64.Build.0 = Debug|Any CPU
		{36A996FC-D266-4527-859A-A99331AAF6EF}.Ad-Hoc|ARM64.Deploy.0 = Debug|Any CPU
		{36A996FC-D266-4527-859A-A99331AAF6EF}.Ad-Hoc|iPhone.ActiveCfg = Debug|Any CPU
		{36A996FC-D266-4527-859A-A99331AAF6EF}.Ad-Hoc|iPhone.Build.0 = Debug|Any CPU
		{36A996FC-D266-4527-859A-A99331AAF6EF}.Ad-Hoc|iPhone.Deploy.0 = Debug|Any CPU
		{36A996FC-D266-4527-859A-A99331AAF6EF}.Ad-Hoc|iPhoneSimulator.ActiveCfg = Debug|Any CPU
		{36A996FC-D266-4527-859A-A99331AAF6EF}.Ad-Hoc|iPhoneSimulator.Build.0 = Debug|Any CPU
		{36A996FC-D266-4527-859A-A99331AAF6EF}.Ad-Hoc|iPhoneSimulator.Deploy.0 = Debug|Any CPU
		{36A996FC-D266-4527-859A-A99331AAF6EF}.Ad-Hoc|x64.ActiveCfg = Debug|Any CPU
		{36A996FC-D266-4527-859A-A99331AAF6EF}.Ad-Hoc|x64.Build.0 = Debug|Any CPU
		{36A996FC-D266-4527-859A-A99331AAF6EF}.Ad-Hoc|x64.Deploy.0 = Debug|Any CPU
		{36A996FC-D266-4527-859A-A99331AAF6EF}.Ad-Hoc|x86.ActiveCfg = Debug|Any CPU
		{36A996FC-D266-4527-859A-A99331AAF6EF}.Ad-Hoc|x86.Build.0 = Debug|Any CPU
		{36A996FC-D266-4527-859A-A99331AAF6EF}.Ad-Hoc|x86.Deploy.0 = Debug|Any CPU
		{36A996FC-D266-4527-859A-A99331AAF6EF}.AppStore|Any CPU.ActiveCfg = Debug|Any CPU
		{36A996FC-D266-4527-859A-A99331AAF6EF}.AppStore|Any CPU.Build.0 = Debug|Any CPU
		{36A996FC-D266-4527-859A-A99331AAF6EF}.AppStore|Any CPU.Deploy.0 = Debug|Any CPU
		{36A996FC-D266-4527-859A-A99331AAF6EF}.AppStore|ARM.ActiveCfg = Debug|Any CPU
		{36A996FC-D266-4527-859A-A99331AAF6EF}.AppStore|ARM.Build.0 = Debug|Any CPU
		{36A996FC-D266-4527-859A-A99331AAF6EF}.AppStore|ARM.Deploy.0 = Debug|Any CPU
		{36A996FC-D266-4527-859A-A99331AAF6EF}.AppStore|ARM64.ActiveCfg = Debug|Any CPU
		{36A996FC-D266-4527-859A-A99331AAF6EF}.AppStore|ARM64.Build.0 = Debug|Any CPU
		{36A996FC-D266-4527-859A-A99331AAF6EF}.AppStore|ARM64.Deploy.0 = Debug|Any CPU
		{36A996FC-D266-4527-859A-A99331AAF6EF}.AppStore|iPhone.ActiveCfg = Debug|Any CPU
		{36A996FC-D266-4527-859A-A99331AAF6EF}.AppStore|iPhone.Build.0 = Debug|Any CPU
		{36A996FC-D266-4527-859A-A99331AAF6EF}.AppStore|iPhone.Deploy.0 = Debug|Any CPU
		{36A996FC-D266-4527-859A-A99331AAF6EF}.AppStore|iPhoneSimulator.ActiveCfg = Debug|Any CPU
		{36A996FC-D266-4527-859A-A99331AAF6EF}.AppStore|iPhoneSimulator.Build.0 = Debug|Any CPU
		{36A996FC-D266-4527-859A-A99331AAF6EF}.AppStore|iPhoneSimulator.Deploy.0 = Debug|Any CPU
		{36A996FC-D266-4527-859A-A99331AAF6EF}.AppStore|x64.ActiveCfg = Debug|Any CPU
		{36A996FC-D266-4527-859A-A99331AAF6EF}.AppStore|x64.Build.0 = Debug|Any CPU
		{36A996FC-D266-4527-859A-A99331AAF6EF}.AppStore|x64.Deploy.0 = Debug|Any CPU
		{36A996FC-D266-4527-859A-A99331AAF6EF}.AppStore|x86.ActiveCfg = Debug|Any CPU
		{36A996FC-D266-4527-859A-A99331AAF6EF}.AppStore|x86.Build.0 = Debug|Any CPU
		{36A996FC-D266-4527-859A-A99331AAF6EF}.AppStore|x86.Deploy.0 = Debug|Any CPU
		{36A996FC-D266-4527-859A-A99331AAF6EF}.Debug|Any CPU.ActiveCfg = Debug|Any CPU
		{36A996FC-D266-4527-859A-A99331AAF6EF}.Debug|Any CPU.Build.0 = Debug|Any CPU
		{36A996FC-D266-4527-859A-A99331AAF6EF}.Debug|Any CPU.Deploy.0 = Debug|Any CPU
		{36A996FC-D266-4527-859A-A99331AAF6EF}.Debug|ARM.ActiveCfg = Debug|Any CPU
		{36A996FC-D266-4527-859A-A99331AAF6EF}.Debug|ARM.Build.0 = Debug|Any CPU
		{36A996FC-D266-4527-859A-A99331AAF6EF}.Debug|ARM.Deploy.0 = Debug|Any CPU
		{36A996FC-D266-4527-859A-A99331AAF6EF}.Debug|ARM64.ActiveCfg = Debug|Any CPU
		{36A996FC-D266-4527-859A-A99331AAF6EF}.Debug|ARM64.Build.0 = Debug|Any CPU
		{36A996FC-D266-4527-859A-A99331AAF6EF}.Debug|ARM64.Deploy.0 = Debug|Any CPU
		{36A996FC-D266-4527-859A-A99331AAF6EF}.Debug|iPhone.ActiveCfg = Debug|Any CPU
		{36A996FC-D266-4527-859A-A99331AAF6EF}.Debug|iPhone.Build.0 = Debug|Any CPU
		{36A996FC-D266-4527-859A-A99331AAF6EF}.Debug|iPhone.Deploy.0 = Debug|Any CPU
		{36A996FC-D266-4527-859A-A99331AAF6EF}.Debug|iPhoneSimulator.ActiveCfg = Debug|Any CPU
		{36A996FC-D266-4527-859A-A99331AAF6EF}.Debug|iPhoneSimulator.Build.0 = Debug|Any CPU
		{36A996FC-D266-4527-859A-A99331AAF6EF}.Debug|iPhoneSimulator.Deploy.0 = Debug|Any CPU
		{36A996FC-D266-4527-859A-A99331AAF6EF}.Debug|x64.ActiveCfg = Debug|Any CPU
		{36A996FC-D266-4527-859A-A99331AAF6EF}.Debug|x64.Build.0 = Debug|Any CPU
		{36A996FC-D266-4527-859A-A99331AAF6EF}.Debug|x64.Deploy.0 = Debug|Any CPU
		{36A996FC-D266-4527-859A-A99331AAF6EF}.Debug|x86.ActiveCfg = Debug|Any CPU
		{36A996FC-D266-4527-859A-A99331AAF6EF}.Debug|x86.Build.0 = Debug|Any CPU
		{36A996FC-D266-4527-859A-A99331AAF6EF}.Debug|x86.Deploy.0 = Debug|Any CPU
		{36A996FC-D266-4527-859A-A99331AAF6EF}.Release|Any CPU.ActiveCfg = Release|Any CPU
		{36A996FC-D266-4527-859A-A99331AAF6EF}.Release|Any CPU.Build.0 = Release|Any CPU
		{36A996FC-D266-4527-859A-A99331AAF6EF}.Release|Any CPU.Deploy.0 = Release|Any CPU
		{36A996FC-D266-4527-859A-A99331AAF6EF}.Release|ARM.ActiveCfg = Release|Any CPU
		{36A996FC-D266-4527-859A-A99331AAF6EF}.Release|ARM.Build.0 = Release|Any CPU
		{36A996FC-D266-4527-859A-A99331AAF6EF}.Release|ARM.Deploy.0 = Release|Any CPU
		{36A996FC-D266-4527-859A-A99331AAF6EF}.Release|ARM64.ActiveCfg = Release|Any CPU
		{36A996FC-D266-4527-859A-A99331AAF6EF}.Release|ARM64.Build.0 = Release|Any CPU
		{36A996FC-D266-4527-859A-A99331AAF6EF}.Release|ARM64.Deploy.0 = Release|Any CPU
		{36A996FC-D266-4527-859A-A99331AAF6EF}.Release|iPhone.ActiveCfg = Release|Any CPU
		{36A996FC-D266-4527-859A-A99331AAF6EF}.Release|iPhone.Build.0 = Release|Any CPU
		{36A996FC-D266-4527-859A-A99331AAF6EF}.Release|iPhone.Deploy.0 = Release|Any CPU
		{36A996FC-D266-4527-859A-A99331AAF6EF}.Release|iPhoneSimulator.ActiveCfg = Release|Any CPU
		{36A996FC-D266-4527-859A-A99331AAF6EF}.Release|iPhoneSimulator.Build.0 = Release|Any CPU
		{36A996FC-D266-4527-859A-A99331AAF6EF}.Release|iPhoneSimulator.Deploy.0 = Release|Any CPU
		{36A996FC-D266-4527-859A-A99331AAF6EF}.Release|x64.ActiveCfg = Release|Any CPU
		{36A996FC-D266-4527-859A-A99331AAF6EF}.Release|x64.Build.0 = Release|Any CPU
		{36A996FC-D266-4527-859A-A99331AAF6EF}.Release|x64.Deploy.0 = Release|Any CPU
		{36A996FC-D266-4527-859A-A99331AAF6EF}.Release|x86.ActiveCfg = Release|Any CPU
		{36A996FC-D266-4527-859A-A99331AAF6EF}.Release|x86.Build.0 = Release|Any CPU
		{36A996FC-D266-4527-859A-A99331AAF6EF}.Release|x86.Deploy.0 = Release|Any CPU
		{93F208E4-0A74-46C7-BB18-BB17E1F23D37}.Ad-Hoc|Any CPU.ActiveCfg = Ad-Hoc|iPhoneSimulator
		{93F208E4-0A74-46C7-BB18-BB17E1F23D37}.Ad-Hoc|ARM.ActiveCfg = Ad-Hoc|iPhoneSimulator
		{93F208E4-0A74-46C7-BB18-BB17E1F23D37}.Ad-Hoc|ARM64.ActiveCfg = Ad-Hoc|iPhoneSimulator
		{93F208E4-0A74-46C7-BB18-BB17E1F23D37}.Ad-Hoc|iPhone.ActiveCfg = Ad-Hoc|iPhone
		{93F208E4-0A74-46C7-BB18-BB17E1F23D37}.Ad-Hoc|iPhone.Build.0 = Ad-Hoc|iPhone
		{93F208E4-0A74-46C7-BB18-BB17E1F23D37}.Ad-Hoc|iPhoneSimulator.ActiveCfg = Ad-Hoc|iPhoneSimulator
		{93F208E4-0A74-46C7-BB18-BB17E1F23D37}.Ad-Hoc|iPhoneSimulator.Build.0 = Ad-Hoc|iPhoneSimulator
		{93F208E4-0A74-46C7-BB18-BB17E1F23D37}.Ad-Hoc|x64.ActiveCfg = Ad-Hoc|iPhoneSimulator
		{93F208E4-0A74-46C7-BB18-BB17E1F23D37}.Ad-Hoc|x86.ActiveCfg = Ad-Hoc|iPhoneSimulator
		{93F208E4-0A74-46C7-BB18-BB17E1F23D37}.AppStore|Any CPU.ActiveCfg = AppStore|iPhoneSimulator
		{93F208E4-0A74-46C7-BB18-BB17E1F23D37}.AppStore|ARM.ActiveCfg = AppStore|iPhoneSimulator
		{93F208E4-0A74-46C7-BB18-BB17E1F23D37}.AppStore|ARM64.ActiveCfg = AppStore|iPhoneSimulator
		{93F208E4-0A74-46C7-BB18-BB17E1F23D37}.AppStore|iPhone.ActiveCfg = AppStore|iPhone
		{93F208E4-0A74-46C7-BB18-BB17E1F23D37}.AppStore|iPhone.Build.0 = AppStore|iPhone
		{93F208E4-0A74-46C7-BB18-BB17E1F23D37}.AppStore|iPhoneSimulator.ActiveCfg = AppStore|iPhoneSimulator
		{93F208E4-0A74-46C7-BB18-BB17E1F23D37}.AppStore|iPhoneSimulator.Build.0 = AppStore|iPhoneSimulator
		{93F208E4-0A74-46C7-BB18-BB17E1F23D37}.AppStore|x64.ActiveCfg = AppStore|iPhoneSimulator
		{93F208E4-0A74-46C7-BB18-BB17E1F23D37}.AppStore|x86.ActiveCfg = AppStore|iPhoneSimulator
		{93F208E4-0A74-46C7-BB18-BB17E1F23D37}.Debug|Any CPU.ActiveCfg = Debug|iPhoneSimulator
		{93F208E4-0A74-46C7-BB18-BB17E1F23D37}.Debug|ARM.ActiveCfg = Debug|iPhoneSimulator
		{93F208E4-0A74-46C7-BB18-BB17E1F23D37}.Debug|ARM64.ActiveCfg = Debug|iPhoneSimulator
		{93F208E4-0A74-46C7-BB18-BB17E1F23D37}.Debug|iPhone.ActiveCfg = Debug|iPhone
		{93F208E4-0A74-46C7-BB18-BB17E1F23D37}.Debug|iPhone.Build.0 = Debug|iPhone
		{93F208E4-0A74-46C7-BB18-BB17E1F23D37}.Debug|iPhoneSimulator.ActiveCfg = Debug|iPhoneSimulator
		{93F208E4-0A74-46C7-BB18-BB17E1F23D37}.Debug|iPhoneSimulator.Build.0 = Debug|iPhoneSimulator
		{93F208E4-0A74-46C7-BB18-BB17E1F23D37}.Debug|x64.ActiveCfg = Debug|iPhoneSimulator
		{93F208E4-0A74-46C7-BB18-BB17E1F23D37}.Debug|x86.ActiveCfg = Debug|iPhoneSimulator
		{93F208E4-0A74-46C7-BB18-BB17E1F23D37}.Release|Any CPU.ActiveCfg = Release|iPhoneSimulator
		{93F208E4-0A74-46C7-BB18-BB17E1F23D37}.Release|ARM.ActiveCfg = Release|iPhoneSimulator
		{93F208E4-0A74-46C7-BB18-BB17E1F23D37}.Release|ARM64.ActiveCfg = Release|iPhoneSimulator
		{93F208E4-0A74-46C7-BB18-BB17E1F23D37}.Release|iPhone.ActiveCfg = Release|iPhone
		{93F208E4-0A74-46C7-BB18-BB17E1F23D37}.Release|iPhone.Build.0 = Release|iPhone
		{93F208E4-0A74-46C7-BB18-BB17E1F23D37}.Release|iPhoneSimulator.ActiveCfg = Release|iPhoneSimulator
		{93F208E4-0A74-46C7-BB18-BB17E1F23D37}.Release|iPhoneSimulator.Build.0 = Release|iPhoneSimulator
		{93F208E4-0A74-46C7-BB18-BB17E1F23D37}.Release|x64.ActiveCfg = Release|iPhoneSimulator
		{93F208E4-0A74-46C7-BB18-BB17E1F23D37}.Release|x86.ActiveCfg = Release|iPhoneSimulator
		{D5D8D905-35C9-41E1-9259-AEA91E221E0C}.Ad-Hoc|Any CPU.ActiveCfg = Debug|x86
		{D5D8D905-35C9-41E1-9259-AEA91E221E0C}.Ad-Hoc|Any CPU.Build.0 = Debug|x86
		{D5D8D905-35C9-41E1-9259-AEA91E221E0C}.Ad-Hoc|Any CPU.Deploy.0 = Debug|x86
		{D5D8D905-35C9-41E1-9259-AEA91E221E0C}.Ad-Hoc|ARM.ActiveCfg = Debug|ARM
		{D5D8D905-35C9-41E1-9259-AEA91E221E0C}.Ad-Hoc|ARM.Build.0 = Debug|ARM
		{D5D8D905-35C9-41E1-9259-AEA91E221E0C}.Ad-Hoc|ARM.Deploy.0 = Debug|ARM
		{D5D8D905-35C9-41E1-9259-AEA91E221E0C}.Ad-Hoc|ARM64.ActiveCfg = Debug|ARM64
		{D5D8D905-35C9-41E1-9259-AEA91E221E0C}.Ad-Hoc|ARM64.Build.0 = Debug|ARM64
		{D5D8D905-35C9-41E1-9259-AEA91E221E0C}.Ad-Hoc|ARM64.Deploy.0 = Debug|ARM64
		{D5D8D905-35C9-41E1-9259-AEA91E221E0C}.Ad-Hoc|iPhone.ActiveCfg = Debug|x86
		{D5D8D905-35C9-41E1-9259-AEA91E221E0C}.Ad-Hoc|iPhone.Build.0 = Debug|x86
		{D5D8D905-35C9-41E1-9259-AEA91E221E0C}.Ad-Hoc|iPhone.Deploy.0 = Debug|x86
		{D5D8D905-35C9-41E1-9259-AEA91E221E0C}.Ad-Hoc|iPhoneSimulator.ActiveCfg = Debug|x86
		{D5D8D905-35C9-41E1-9259-AEA91E221E0C}.Ad-Hoc|iPhoneSimulator.Build.0 = Debug|x86
		{D5D8D905-35C9-41E1-9259-AEA91E221E0C}.Ad-Hoc|iPhoneSimulator.Deploy.0 = Debug|x86
		{D5D8D905-35C9-41E1-9259-AEA91E221E0C}.Ad-Hoc|x64.ActiveCfg = Debug|x64
		{D5D8D905-35C9-41E1-9259-AEA91E221E0C}.Ad-Hoc|x64.Build.0 = Debug|x64
		{D5D8D905-35C9-41E1-9259-AEA91E221E0C}.Ad-Hoc|x64.Deploy.0 = Debug|x64
		{D5D8D905-35C9-41E1-9259-AEA91E221E0C}.Ad-Hoc|x86.ActiveCfg = Debug|x86
		{D5D8D905-35C9-41E1-9259-AEA91E221E0C}.Ad-Hoc|x86.Build.0 = Debug|x86
		{D5D8D905-35C9-41E1-9259-AEA91E221E0C}.Ad-Hoc|x86.Deploy.0 = Debug|x86
		{D5D8D905-35C9-41E1-9259-AEA91E221E0C}.AppStore|Any CPU.ActiveCfg = Debug|x86
		{D5D8D905-35C9-41E1-9259-AEA91E221E0C}.AppStore|Any CPU.Build.0 = Debug|x86
		{D5D8D905-35C9-41E1-9259-AEA91E221E0C}.AppStore|Any CPU.Deploy.0 = Debug|x86
		{D5D8D905-35C9-41E1-9259-AEA91E221E0C}.AppStore|ARM.ActiveCfg = Debug|ARM
		{D5D8D905-35C9-41E1-9259-AEA91E221E0C}.AppStore|ARM.Build.0 = Debug|ARM
		{D5D8D905-35C9-41E1-9259-AEA91E221E0C}.AppStore|ARM.Deploy.0 = Debug|ARM
		{D5D8D905-35C9-41E1-9259-AEA91E221E0C}.AppStore|ARM64.ActiveCfg = Debug|ARM64
		{D5D8D905-35C9-41E1-9259-AEA91E221E0C}.AppStore|ARM64.Build.0 = Debug|ARM64
		{D5D8D905-35C9-41E1-9259-AEA91E221E0C}.AppStore|ARM64.Deploy.0 = Debug|ARM64
		{D5D8D905-35C9-41E1-9259-AEA91E221E0C}.AppStore|iPhone.ActiveCfg = Debug|x86
		{D5D8D905-35C9-41E1-9259-AEA91E221E0C}.AppStore|iPhone.Build.0 = Debug|x86
		{D5D8D905-35C9-41E1-9259-AEA91E221E0C}.AppStore|iPhone.Deploy.0 = Debug|x86
		{D5D8D905-35C9-41E1-9259-AEA91E221E0C}.AppStore|iPhoneSimulator.ActiveCfg = Debug|x86
		{D5D8D905-35C9-41E1-9259-AEA91E221E0C}.AppStore|iPhoneSimulator.Build.0 = Debug|x86
		{D5D8D905-35C9-41E1-9259-AEA91E221E0C}.AppStore|iPhoneSimulator.Deploy.0 = Debug|x86
		{D5D8D905-35C9-41E1-9259-AEA91E221E0C}.AppStore|x64.ActiveCfg = Debug|x64
		{D5D8D905-35C9-41E1-9259-AEA91E221E0C}.AppStore|x64.Build.0 = Debug|x64
		{D5D8D905-35C9-41E1-9259-AEA91E221E0C}.AppStore|x64.Deploy.0 = Debug|x64
		{D5D8D905-35C9-41E1-9259-AEA91E221E0C}.AppStore|x86.ActiveCfg = Debug|x86
		{D5D8D905-35C9-41E1-9259-AEA91E221E0C}.AppStore|x86.Build.0 = Debug|x86
		{D5D8D905-35C9-41E1-9259-AEA91E221E0C}.AppStore|x86.Deploy.0 = Debug|x86
		{D5D8D905-35C9-41E1-9259-AEA91E221E0C}.Debug|Any CPU.ActiveCfg = Debug|x86
		{D5D8D905-35C9-41E1-9259-AEA91E221E0C}.Debug|Any CPU.Build.0 = Debug|x86
		{D5D8D905-35C9-41E1-9259-AEA91E221E0C}.Debug|Any CPU.Deploy.0 = Debug|x86
		{D5D8D905-35C9-41E1-9259-AEA91E221E0C}.Debug|ARM.ActiveCfg = Debug|ARM
		{D5D8D905-35C9-41E1-9259-AEA91E221E0C}.Debug|ARM.Build.0 = Debug|ARM
		{D5D8D905-35C9-41E1-9259-AEA91E221E0C}.Debug|ARM.Deploy.0 = Debug|ARM
		{D5D8D905-35C9-41E1-9259-AEA91E221E0C}.Debug|ARM64.ActiveCfg = Debug|ARM64
		{D5D8D905-35C9-41E1-9259-AEA91E221E0C}.Debug|ARM64.Build.0 = Debug|ARM64
		{D5D8D905-35C9-41E1-9259-AEA91E221E0C}.Debug|ARM64.Deploy.0 = Debug|ARM64
		{D5D8D905-35C9-41E1-9259-AEA91E221E0C}.Debug|iPhone.ActiveCfg = Debug|x86
		{D5D8D905-35C9-41E1-9259-AEA91E221E0C}.Debug|iPhoneSimulator.ActiveCfg = Debug|x86
		{D5D8D905-35C9-41E1-9259-AEA91E221E0C}.Debug|x64.ActiveCfg = Debug|x64
		{D5D8D905-35C9-41E1-9259-AEA91E221E0C}.Debug|x64.Build.0 = Debug|x64
		{D5D8D905-35C9-41E1-9259-AEA91E221E0C}.Debug|x64.Deploy.0 = Debug|x64
		{D5D8D905-35C9-41E1-9259-AEA91E221E0C}.Debug|x86.ActiveCfg = Debug|x86
		{D5D8D905-35C9-41E1-9259-AEA91E221E0C}.Debug|x86.Build.0 = Debug|x86
		{D5D8D905-35C9-41E1-9259-AEA91E221E0C}.Debug|x86.Deploy.0 = Debug|x86
		{D5D8D905-35C9-41E1-9259-AEA91E221E0C}.Release|Any CPU.ActiveCfg = Release|x86
		{D5D8D905-35C9-41E1-9259-AEA91E221E0C}.Release|ARM.ActiveCfg = Release|ARM
		{D5D8D905-35C9-41E1-9259-AEA91E221E0C}.Release|ARM.Build.0 = Release|ARM
		{D5D8D905-35C9-41E1-9259-AEA91E221E0C}.Release|ARM.Deploy.0 = Release|ARM
		{D5D8D905-35C9-41E1-9259-AEA91E221E0C}.Release|ARM64.ActiveCfg = Release|ARM64
		{D5D8D905-35C9-41E1-9259-AEA91E221E0C}.Release|ARM64.Build.0 = Release|ARM64
		{D5D8D905-35C9-41E1-9259-AEA91E221E0C}.Release|ARM64.Deploy.0 = Release|ARM64
		{D5D8D905-35C9-41E1-9259-AEA91E221E0C}.Release|iPhone.ActiveCfg = Release|x86
		{D5D8D905-35C9-41E1-9259-AEA91E221E0C}.Release|iPhoneSimulator.ActiveCfg = Release|x86
		{D5D8D905-35C9-41E1-9259-AEA91E221E0C}.Release|x64.ActiveCfg = Release|x64
		{D5D8D905-35C9-41E1-9259-AEA91E221E0C}.Release|x64.Build.0 = Release|x64
		{D5D8D905-35C9-41E1-9259-AEA91E221E0C}.Release|x64.Deploy.0 = Release|x64
		{D5D8D905-35C9-41E1-9259-AEA91E221E0C}.Release|x86.ActiveCfg = Release|x86
		{D5D8D905-35C9-41E1-9259-AEA91E221E0C}.Release|x86.Build.0 = Release|x86
		{D5D8D905-35C9-41E1-9259-AEA91E221E0C}.Release|x86.Deploy.0 = Release|x86
		{0C5D7FBC-A406-4B31-A81D-7CD9B4A132DF}.Ad-Hoc|Any CPU.ActiveCfg = Debug|Any CPU
		{0C5D7FBC-A406-4B31-A81D-7CD9B4A132DF}.Ad-Hoc|Any CPU.Build.0 = Debug|Any CPU
		{0C5D7FBC-A406-4B31-A81D-7CD9B4A132DF}.Ad-Hoc|ARM.ActiveCfg = Debug|Any CPU
		{0C5D7FBC-A406-4B31-A81D-7CD9B4A132DF}.Ad-Hoc|ARM.Build.0 = Debug|Any CPU
		{0C5D7FBC-A406-4B31-A81D-7CD9B4A132DF}.Ad-Hoc|ARM64.ActiveCfg = Debug|Any CPU
		{0C5D7FBC-A406-4B31-A81D-7CD9B4A132DF}.Ad-Hoc|ARM64.Build.0 = Debug|Any CPU
		{0C5D7FBC-A406-4B31-A81D-7CD9B4A132DF}.Ad-Hoc|iPhone.ActiveCfg = Debug|Any CPU
		{0C5D7FBC-A406-4B31-A81D-7CD9B4A132DF}.Ad-Hoc|iPhone.Build.0 = Debug|Any CPU
		{0C5D7FBC-A406-4B31-A81D-7CD9B4A132DF}.Ad-Hoc|iPhoneSimulator.ActiveCfg = Debug|Any CPU
		{0C5D7FBC-A406-4B31-A81D-7CD9B4A132DF}.Ad-Hoc|iPhoneSimulator.Build.0 = Debug|Any CPU
		{0C5D7FBC-A406-4B31-A81D-7CD9B4A132DF}.Ad-Hoc|x64.ActiveCfg = Debug|Any CPU
		{0C5D7FBC-A406-4B31-A81D-7CD9B4A132DF}.Ad-Hoc|x64.Build.0 = Debug|Any CPU
		{0C5D7FBC-A406-4B31-A81D-7CD9B4A132DF}.Ad-Hoc|x86.ActiveCfg = Debug|Any CPU
		{0C5D7FBC-A406-4B31-A81D-7CD9B4A132DF}.Ad-Hoc|x86.Build.0 = Debug|Any CPU
		{0C5D7FBC-A406-4B31-A81D-7CD9B4A132DF}.AppStore|Any CPU.ActiveCfg = Debug|Any CPU
		{0C5D7FBC-A406-4B31-A81D-7CD9B4A132DF}.AppStore|Any CPU.Build.0 = Debug|Any CPU
		{0C5D7FBC-A406-4B31-A81D-7CD9B4A132DF}.AppStore|ARM.ActiveCfg = Debug|Any CPU
		{0C5D7FBC-A406-4B31-A81D-7CD9B4A132DF}.AppStore|ARM.Build.0 = Debug|Any CPU
		{0C5D7FBC-A406-4B31-A81D-7CD9B4A132DF}.AppStore|ARM64.ActiveCfg = Debug|Any CPU
		{0C5D7FBC-A406-4B31-A81D-7CD9B4A132DF}.AppStore|ARM64.Build.0 = Debug|Any CPU
		{0C5D7FBC-A406-4B31-A81D-7CD9B4A132DF}.AppStore|iPhone.ActiveCfg = Debug|Any CPU
		{0C5D7FBC-A406-4B31-A81D-7CD9B4A132DF}.AppStore|iPhone.Build.0 = Debug|Any CPU
		{0C5D7FBC-A406-4B31-A81D-7CD9B4A132DF}.AppStore|iPhoneSimulator.ActiveCfg = Debug|Any CPU
		{0C5D7FBC-A406-4B31-A81D-7CD9B4A132DF}.AppStore|iPhoneSimulator.Build.0 = Debug|Any CPU
		{0C5D7FBC-A406-4B31-A81D-7CD9B4A132DF}.AppStore|x64.ActiveCfg = Debug|Any CPU
		{0C5D7FBC-A406-4B31-A81D-7CD9B4A132DF}.AppStore|x64.Build.0 = Debug|Any CPU
		{0C5D7FBC-A406-4B31-A81D-7CD9B4A132DF}.AppStore|x86.ActiveCfg = Debug|Any CPU
		{0C5D7FBC-A406-4B31-A81D-7CD9B4A132DF}.AppStore|x86.Build.0 = Debug|Any CPU
		{0C5D7FBC-A406-4B31-A81D-7CD9B4A132DF}.Debug|Any CPU.ActiveCfg = Debug|Any CPU
		{0C5D7FBC-A406-4B31-A81D-7CD9B4A132DF}.Debug|Any CPU.Build.0 = Debug|Any CPU
		{0C5D7FBC-A406-4B31-A81D-7CD9B4A132DF}.Debug|ARM.ActiveCfg = Debug|Any CPU
		{0C5D7FBC-A406-4B31-A81D-7CD9B4A132DF}.Debug|ARM.Build.0 = Debug|Any CPU
		{0C5D7FBC-A406-4B31-A81D-7CD9B4A132DF}.Debug|ARM64.ActiveCfg = Debug|Any CPU
		{0C5D7FBC-A406-4B31-A81D-7CD9B4A132DF}.Debug|ARM64.Build.0 = Debug|Any CPU
		{0C5D7FBC-A406-4B31-A81D-7CD9B4A132DF}.Debug|iPhone.ActiveCfg = Debug|Any CPU
		{0C5D7FBC-A406-4B31-A81D-7CD9B4A132DF}.Debug|iPhone.Build.0 = Debug|Any CPU
		{0C5D7FBC-A406-4B31-A81D-7CD9B4A132DF}.Debug|iPhoneSimulator.ActiveCfg = Debug|Any CPU
		{0C5D7FBC-A406-4B31-A81D-7CD9B4A132DF}.Debug|iPhoneSimulator.Build.0 = Debug|Any CPU
		{0C5D7FBC-A406-4B31-A81D-7CD9B4A132DF}.Debug|x64.ActiveCfg = Debug|Any CPU
		{0C5D7FBC-A406-4B31-A81D-7CD9B4A132DF}.Debug|x64.Build.0 = Debug|Any CPU
		{0C5D7FBC-A406-4B31-A81D-7CD9B4A132DF}.Debug|x86.ActiveCfg = Debug|Any CPU
		{0C5D7FBC-A406-4B31-A81D-7CD9B4A132DF}.Debug|x86.Build.0 = Debug|Any CPU
		{0C5D7FBC-A406-4B31-A81D-7CD9B4A132DF}.Release|Any CPU.ActiveCfg = Release|Any CPU
		{0C5D7FBC-A406-4B31-A81D-7CD9B4A132DF}.Release|Any CPU.Build.0 = Release|Any CPU
		{0C5D7FBC-A406-4B31-A81D-7CD9B4A132DF}.Release|ARM.ActiveCfg = Release|Any CPU
		{0C5D7FBC-A406-4B31-A81D-7CD9B4A132DF}.Release|ARM.Build.0 = Release|Any CPU
		{0C5D7FBC-A406-4B31-A81D-7CD9B4A132DF}.Release|ARM64.ActiveCfg = Release|Any CPU
		{0C5D7FBC-A406-4B31-A81D-7CD9B4A132DF}.Release|ARM64.Build.0 = Release|Any CPU
		{0C5D7FBC-A406-4B31-A81D-7CD9B4A132DF}.Release|iPhone.ActiveCfg = Release|Any CPU
		{0C5D7FBC-A406-4B31-A81D-7CD9B4A132DF}.Release|iPhone.Build.0 = Release|Any CPU
		{0C5D7FBC-A406-4B31-A81D-7CD9B4A132DF}.Release|iPhoneSimulator.ActiveCfg = Release|Any CPU
		{0C5D7FBC-A406-4B31-A81D-7CD9B4A132DF}.Release|iPhoneSimulator.Build.0 = Release|Any CPU
		{0C5D7FBC-A406-4B31-A81D-7CD9B4A132DF}.Release|x64.ActiveCfg = Release|Any CPU
		{0C5D7FBC-A406-4B31-A81D-7CD9B4A132DF}.Release|x64.Build.0 = Release|Any CPU
		{0C5D7FBC-A406-4B31-A81D-7CD9B4A132DF}.Release|x86.ActiveCfg = Release|Any CPU
		{0C5D7FBC-A406-4B31-A81D-7CD9B4A132DF}.Release|x86.Build.0 = Release|Any CPU
		{925AEA36-FD81-4F76-A70B-1E0B14F8B347}.Ad-Hoc|Any CPU.ActiveCfg = Debug|iPhoneSimulator
		{925AEA36-FD81-4F76-A70B-1E0B14F8B347}.Ad-Hoc|Any CPU.Build.0 = Debug|iPhoneSimulator
		{925AEA36-FD81-4F76-A70B-1E0B14F8B347}.Ad-Hoc|ARM.ActiveCfg = Debug|iPhoneSimulator
		{925AEA36-FD81-4F76-A70B-1E0B14F8B347}.Ad-Hoc|ARM.Build.0 = Debug|iPhoneSimulator
		{925AEA36-FD81-4F76-A70B-1E0B14F8B347}.Ad-Hoc|ARM64.ActiveCfg = Debug|iPhoneSimulator
		{925AEA36-FD81-4F76-A70B-1E0B14F8B347}.Ad-Hoc|ARM64.Build.0 = Debug|iPhoneSimulator
		{925AEA36-FD81-4F76-A70B-1E0B14F8B347}.Ad-Hoc|iPhone.ActiveCfg = Debug|iPhoneSimulator
		{925AEA36-FD81-4F76-A70B-1E0B14F8B347}.Ad-Hoc|iPhone.Build.0 = Debug|iPhoneSimulator
		{925AEA36-FD81-4F76-A70B-1E0B14F8B347}.Ad-Hoc|iPhoneSimulator.ActiveCfg = Debug|iPhoneSimulator
		{925AEA36-FD81-4F76-A70B-1E0B14F8B347}.Ad-Hoc|iPhoneSimulator.Build.0 = Debug|iPhoneSimulator
		{925AEA36-FD81-4F76-A70B-1E0B14F8B347}.Ad-Hoc|x64.ActiveCfg = Debug|iPhoneSimulator
		{925AEA36-FD81-4F76-A70B-1E0B14F8B347}.Ad-Hoc|x64.Build.0 = Debug|iPhoneSimulator
		{925AEA36-FD81-4F76-A70B-1E0B14F8B347}.Ad-Hoc|x86.ActiveCfg = Debug|iPhoneSimulator
		{925AEA36-FD81-4F76-A70B-1E0B14F8B347}.Ad-Hoc|x86.Build.0 = Debug|iPhoneSimulator
		{925AEA36-FD81-4F76-A70B-1E0B14F8B347}.AppStore|Any CPU.ActiveCfg = Debug|iPhoneSimulator
		{925AEA36-FD81-4F76-A70B-1E0B14F8B347}.AppStore|Any CPU.Build.0 = Debug|iPhoneSimulator
		{925AEA36-FD81-4F76-A70B-1E0B14F8B347}.AppStore|ARM.ActiveCfg = Debug|iPhoneSimulator
		{925AEA36-FD81-4F76-A70B-1E0B14F8B347}.AppStore|ARM.Build.0 = Debug|iPhoneSimulator
		{925AEA36-FD81-4F76-A70B-1E0B14F8B347}.AppStore|ARM64.ActiveCfg = Debug|iPhoneSimulator
		{925AEA36-FD81-4F76-A70B-1E0B14F8B347}.AppStore|ARM64.Build.0 = Debug|iPhoneSimulator
		{925AEA36-FD81-4F76-A70B-1E0B14F8B347}.AppStore|iPhone.ActiveCfg = Debug|iPhoneSimulator
		{925AEA36-FD81-4F76-A70B-1E0B14F8B347}.AppStore|iPhone.Build.0 = Debug|iPhoneSimulator
		{925AEA36-FD81-4F76-A70B-1E0B14F8B347}.AppStore|iPhoneSimulator.ActiveCfg = Debug|iPhoneSimulator
		{925AEA36-FD81-4F76-A70B-1E0B14F8B347}.AppStore|iPhoneSimulator.Build.0 = Debug|iPhoneSimulator
		{925AEA36-FD81-4F76-A70B-1E0B14F8B347}.AppStore|x64.ActiveCfg = Debug|iPhoneSimulator
		{925AEA36-FD81-4F76-A70B-1E0B14F8B347}.AppStore|x64.Build.0 = Debug|iPhoneSimulator
		{925AEA36-FD81-4F76-A70B-1E0B14F8B347}.AppStore|x86.ActiveCfg = Debug|iPhoneSimulator
		{925AEA36-FD81-4F76-A70B-1E0B14F8B347}.AppStore|x86.Build.0 = Debug|iPhoneSimulator
		{925AEA36-FD81-4F76-A70B-1E0B14F8B347}.Debug|Any CPU.ActiveCfg = Debug|iPhoneSimulator
		{925AEA36-FD81-4F76-A70B-1E0B14F8B347}.Debug|ARM.ActiveCfg = Debug|iPhoneSimulator
		{925AEA36-FD81-4F76-A70B-1E0B14F8B347}.Debug|ARM64.ActiveCfg = Debug|iPhoneSimulator
		{925AEA36-FD81-4F76-A70B-1E0B14F8B347}.Debug|iPhone.ActiveCfg = Debug|iPhoneSimulator
		{925AEA36-FD81-4F76-A70B-1E0B14F8B347}.Debug|iPhoneSimulator.ActiveCfg = Debug|iPhoneSimulator
		{925AEA36-FD81-4F76-A70B-1E0B14F8B347}.Debug|iPhoneSimulator.Build.0 = Debug|iPhoneSimulator
		{925AEA36-FD81-4F76-A70B-1E0B14F8B347}.Debug|x64.ActiveCfg = Debug|iPhoneSimulator
		{925AEA36-FD81-4F76-A70B-1E0B14F8B347}.Debug|x86.ActiveCfg = Debug|iPhoneSimulator
		{925AEA36-FD81-4F76-A70B-1E0B14F8B347}.Release|Any CPU.ActiveCfg = Release|iPhoneSimulator
		{925AEA36-FD81-4F76-A70B-1E0B14F8B347}.Release|ARM.ActiveCfg = Release|iPhoneSimulator
		{925AEA36-FD81-4F76-A70B-1E0B14F8B347}.Release|ARM64.ActiveCfg = Release|iPhoneSimulator
		{925AEA36-FD81-4F76-A70B-1E0B14F8B347}.Release|iPhone.ActiveCfg = Release|iPhoneSimulator
		{925AEA36-FD81-4F76-A70B-1E0B14F8B347}.Release|iPhoneSimulator.ActiveCfg = Release|iPhoneSimulator
		{925AEA36-FD81-4F76-A70B-1E0B14F8B347}.Release|iPhoneSimulator.Build.0 = Release|iPhoneSimulator
		{925AEA36-FD81-4F76-A70B-1E0B14F8B347}.Release|x64.ActiveCfg = Release|iPhoneSimulator
		{925AEA36-FD81-4F76-A70B-1E0B14F8B347}.Release|x86.ActiveCfg = Release|iPhoneSimulator
		{283620AC-C786-4D35-9CEB-0767F2C86F83}.Ad-Hoc|Any CPU.ActiveCfg = Debug|Any CPU
		{283620AC-C786-4D35-9CEB-0767F2C86F83}.Ad-Hoc|Any CPU.Build.0 = Debug|Any CPU
		{283620AC-C786-4D35-9CEB-0767F2C86F83}.Ad-Hoc|ARM.ActiveCfg = Debug|Any CPU
		{283620AC-C786-4D35-9CEB-0767F2C86F83}.Ad-Hoc|ARM.Build.0 = Debug|Any CPU
		{283620AC-C786-4D35-9CEB-0767F2C86F83}.Ad-Hoc|ARM64.ActiveCfg = Debug|Any CPU
		{283620AC-C786-4D35-9CEB-0767F2C86F83}.Ad-Hoc|ARM64.Build.0 = Debug|Any CPU
		{283620AC-C786-4D35-9CEB-0767F2C86F83}.Ad-Hoc|iPhone.ActiveCfg = Debug|Any CPU
		{283620AC-C786-4D35-9CEB-0767F2C86F83}.Ad-Hoc|iPhone.Build.0 = Debug|Any CPU
		{283620AC-C786-4D35-9CEB-0767F2C86F83}.Ad-Hoc|iPhoneSimulator.ActiveCfg = Debug|Any CPU
		{283620AC-C786-4D35-9CEB-0767F2C86F83}.Ad-Hoc|iPhoneSimulator.Build.0 = Debug|Any CPU
		{283620AC-C786-4D35-9CEB-0767F2C86F83}.Ad-Hoc|x64.ActiveCfg = Debug|Any CPU
		{283620AC-C786-4D35-9CEB-0767F2C86F83}.Ad-Hoc|x64.Build.0 = Debug|Any CPU
		{283620AC-C786-4D35-9CEB-0767F2C86F83}.Ad-Hoc|x86.ActiveCfg = Debug|Any CPU
		{283620AC-C786-4D35-9CEB-0767F2C86F83}.Ad-Hoc|x86.Build.0 = Debug|Any CPU
		{283620AC-C786-4D35-9CEB-0767F2C86F83}.AppStore|Any CPU.ActiveCfg = Debug|Any CPU
		{283620AC-C786-4D35-9CEB-0767F2C86F83}.AppStore|Any CPU.Build.0 = Debug|Any CPU
		{283620AC-C786-4D35-9CEB-0767F2C86F83}.AppStore|ARM.ActiveCfg = Debug|Any CPU
		{283620AC-C786-4D35-9CEB-0767F2C86F83}.AppStore|ARM.Build.0 = Debug|Any CPU
		{283620AC-C786-4D35-9CEB-0767F2C86F83}.AppStore|ARM64.ActiveCfg = Debug|Any CPU
		{283620AC-C786-4D35-9CEB-0767F2C86F83}.AppStore|ARM64.Build.0 = Debug|Any CPU
		{283620AC-C786-4D35-9CEB-0767F2C86F83}.AppStore|iPhone.ActiveCfg = Debug|Any CPU
		{283620AC-C786-4D35-9CEB-0767F2C86F83}.AppStore|iPhone.Build.0 = Debug|Any CPU
		{283620AC-C786-4D35-9CEB-0767F2C86F83}.AppStore|iPhoneSimulator.ActiveCfg = Debug|Any CPU
		{283620AC-C786-4D35-9CEB-0767F2C86F83}.AppStore|iPhoneSimulator.Build.0 = Debug|Any CPU
		{283620AC-C786-4D35-9CEB-0767F2C86F83}.AppStore|x64.ActiveCfg = Debug|Any CPU
		{283620AC-C786-4D35-9CEB-0767F2C86F83}.AppStore|x64.Build.0 = Debug|Any CPU
		{283620AC-C786-4D35-9CEB-0767F2C86F83}.AppStore|x86.ActiveCfg = Debug|Any CPU
		{283620AC-C786-4D35-9CEB-0767F2C86F83}.AppStore|x86.Build.0 = Debug|Any CPU
		{283620AC-C786-4D35-9CEB-0767F2C86F83}.Debug|Any CPU.ActiveCfg = Debug|Any CPU
		{283620AC-C786-4D35-9CEB-0767F2C86F83}.Debug|Any CPU.Build.0 = Debug|Any CPU
		{283620AC-C786-4D35-9CEB-0767F2C86F83}.Debug|ARM.ActiveCfg = Debug|Any CPU
		{283620AC-C786-4D35-9CEB-0767F2C86F83}.Debug|ARM.Build.0 = Debug|Any CPU
		{283620AC-C786-4D35-9CEB-0767F2C86F83}.Debug|ARM64.ActiveCfg = Debug|Any CPU
		{283620AC-C786-4D35-9CEB-0767F2C86F83}.Debug|ARM64.Build.0 = Debug|Any CPU
		{283620AC-C786-4D35-9CEB-0767F2C86F83}.Debug|iPhone.ActiveCfg = Debug|Any CPU
		{283620AC-C786-4D35-9CEB-0767F2C86F83}.Debug|iPhone.Build.0 = Debug|Any CPU
		{283620AC-C786-4D35-9CEB-0767F2C86F83}.Debug|iPhoneSimulator.ActiveCfg = Debug|Any CPU
		{283620AC-C786-4D35-9CEB-0767F2C86F83}.Debug|iPhoneSimulator.Build.0 = Debug|Any CPU
		{283620AC-C786-4D35-9CEB-0767F2C86F83}.Debug|x64.ActiveCfg = Debug|Any CPU
		{283620AC-C786-4D35-9CEB-0767F2C86F83}.Debug|x64.Build.0 = Debug|Any CPU
		{283620AC-C786-4D35-9CEB-0767F2C86F83}.Debug|x86.ActiveCfg = Debug|Any CPU
		{283620AC-C786-4D35-9CEB-0767F2C86F83}.Debug|x86.Build.0 = Debug|Any CPU
		{283620AC-C786-4D35-9CEB-0767F2C86F83}.Release|Any CPU.ActiveCfg = Release|Any CPU
		{283620AC-C786-4D35-9CEB-0767F2C86F83}.Release|Any CPU.Build.0 = Release|Any CPU
		{283620AC-C786-4D35-9CEB-0767F2C86F83}.Release|ARM.ActiveCfg = Release|Any CPU
		{283620AC-C786-4D35-9CEB-0767F2C86F83}.Release|ARM.Build.0 = Release|Any CPU
		{283620AC-C786-4D35-9CEB-0767F2C86F83}.Release|ARM64.ActiveCfg = Release|Any CPU
		{283620AC-C786-4D35-9CEB-0767F2C86F83}.Release|ARM64.Build.0 = Release|Any CPU
		{283620AC-C786-4D35-9CEB-0767F2C86F83}.Release|iPhone.ActiveCfg = Release|Any CPU
		{283620AC-C786-4D35-9CEB-0767F2C86F83}.Release|iPhone.Build.0 = Release|Any CPU
		{283620AC-C786-4D35-9CEB-0767F2C86F83}.Release|iPhoneSimulator.ActiveCfg = Release|Any CPU
		{283620AC-C786-4D35-9CEB-0767F2C86F83}.Release|iPhoneSimulator.Build.0 = Release|Any CPU
		{283620AC-C786-4D35-9CEB-0767F2C86F83}.Release|x64.ActiveCfg = Release|Any CPU
		{283620AC-C786-4D35-9CEB-0767F2C86F83}.Release|x64.Build.0 = Release|Any CPU
		{283620AC-C786-4D35-9CEB-0767F2C86F83}.Release|x86.ActiveCfg = Release|Any CPU
		{283620AC-C786-4D35-9CEB-0767F2C86F83}.Release|x86.Build.0 = Release|Any CPU
		{49EFFE1C-BE49-42E8-98A4-9AA9D9E65A5C}.Ad-Hoc|Any CPU.ActiveCfg = Debug|Any CPU
		{49EFFE1C-BE49-42E8-98A4-9AA9D9E65A5C}.Ad-Hoc|Any CPU.Build.0 = Debug|Any CPU
		{49EFFE1C-BE49-42E8-98A4-9AA9D9E65A5C}.Ad-Hoc|ARM.ActiveCfg = Debug|Any CPU
		{49EFFE1C-BE49-42E8-98A4-9AA9D9E65A5C}.Ad-Hoc|ARM.Build.0 = Debug|Any CPU
		{49EFFE1C-BE49-42E8-98A4-9AA9D9E65A5C}.Ad-Hoc|ARM64.ActiveCfg = Debug|Any CPU
		{49EFFE1C-BE49-42E8-98A4-9AA9D9E65A5C}.Ad-Hoc|ARM64.Build.0 = Debug|Any CPU
		{49EFFE1C-BE49-42E8-98A4-9AA9D9E65A5C}.Ad-Hoc|iPhone.ActiveCfg = Debug|Any CPU
		{49EFFE1C-BE49-42E8-98A4-9AA9D9E65A5C}.Ad-Hoc|iPhone.Build.0 = Debug|Any CPU
		{49EFFE1C-BE49-42E8-98A4-9AA9D9E65A5C}.Ad-Hoc|iPhoneSimulator.ActiveCfg = Debug|Any CPU
		{49EFFE1C-BE49-42E8-98A4-9AA9D9E65A5C}.Ad-Hoc|iPhoneSimulator.Build.0 = Debug|Any CPU
		{49EFFE1C-BE49-42E8-98A4-9AA9D9E65A5C}.Ad-Hoc|x64.ActiveCfg = Debug|Any CPU
		{49EFFE1C-BE49-42E8-98A4-9AA9D9E65A5C}.Ad-Hoc|x64.Build.0 = Debug|Any CPU
		{49EFFE1C-BE49-42E8-98A4-9AA9D9E65A5C}.Ad-Hoc|x86.ActiveCfg = Debug|Any CPU
		{49EFFE1C-BE49-42E8-98A4-9AA9D9E65A5C}.Ad-Hoc|x86.Build.0 = Debug|Any CPU
		{49EFFE1C-BE49-42E8-98A4-9AA9D9E65A5C}.AppStore|Any CPU.ActiveCfg = Debug|Any CPU
		{49EFFE1C-BE49-42E8-98A4-9AA9D9E65A5C}.AppStore|Any CPU.Build.0 = Debug|Any CPU
		{49EFFE1C-BE49-42E8-98A4-9AA9D9E65A5C}.AppStore|ARM.ActiveCfg = Debug|Any CPU
		{49EFFE1C-BE49-42E8-98A4-9AA9D9E65A5C}.AppStore|ARM.Build.0 = Debug|Any CPU
		{49EFFE1C-BE49-42E8-98A4-9AA9D9E65A5C}.AppStore|ARM64.ActiveCfg = Debug|Any CPU
		{49EFFE1C-BE49-42E8-98A4-9AA9D9E65A5C}.AppStore|ARM64.Build.0 = Debug|Any CPU
		{49EFFE1C-BE49-42E8-98A4-9AA9D9E65A5C}.AppStore|iPhone.ActiveCfg = Debug|Any CPU
		{49EFFE1C-BE49-42E8-98A4-9AA9D9E65A5C}.AppStore|iPhone.Build.0 = Debug|Any CPU
		{49EFFE1C-BE49-42E8-98A4-9AA9D9E65A5C}.AppStore|iPhoneSimulator.ActiveCfg = Debug|Any CPU
		{49EFFE1C-BE49-42E8-98A4-9AA9D9E65A5C}.AppStore|iPhoneSimulator.Build.0 = Debug|Any CPU
		{49EFFE1C-BE49-42E8-98A4-9AA9D9E65A5C}.AppStore|x64.ActiveCfg = Debug|Any CPU
		{49EFFE1C-BE49-42E8-98A4-9AA9D9E65A5C}.AppStore|x64.Build.0 = Debug|Any CPU
		{49EFFE1C-BE49-42E8-98A4-9AA9D9E65A5C}.AppStore|x86.ActiveCfg = Debug|Any CPU
		{49EFFE1C-BE49-42E8-98A4-9AA9D9E65A5C}.AppStore|x86.Build.0 = Debug|Any CPU
		{49EFFE1C-BE49-42E8-98A4-9AA9D9E65A5C}.Debug|Any CPU.ActiveCfg = Debug|Any CPU
		{49EFFE1C-BE49-42E8-98A4-9AA9D9E65A5C}.Debug|Any CPU.Build.0 = Debug|Any CPU
		{49EFFE1C-BE49-42E8-98A4-9AA9D9E65A5C}.Debug|ARM.ActiveCfg = Debug|Any CPU
		{49EFFE1C-BE49-42E8-98A4-9AA9D9E65A5C}.Debug|ARM.Build.0 = Debug|Any CPU
		{49EFFE1C-BE49-42E8-98A4-9AA9D9E65A5C}.Debug|ARM64.ActiveCfg = Debug|Any CPU
		{49EFFE1C-BE49-42E8-98A4-9AA9D9E65A5C}.Debug|ARM64.Build.0 = Debug|Any CPU
		{49EFFE1C-BE49-42E8-98A4-9AA9D9E65A5C}.Debug|iPhone.ActiveCfg = Debug|Any CPU
		{49EFFE1C-BE49-42E8-98A4-9AA9D9E65A5C}.Debug|iPhone.Build.0 = Debug|Any CPU
		{49EFFE1C-BE49-42E8-98A4-9AA9D9E65A5C}.Debug|iPhoneSimulator.ActiveCfg = Debug|Any CPU
		{49EFFE1C-BE49-42E8-98A4-9AA9D9E65A5C}.Debug|iPhoneSimulator.Build.0 = Debug|Any CPU
		{49EFFE1C-BE49-42E8-98A4-9AA9D9E65A5C}.Debug|x64.ActiveCfg = Debug|Any CPU
		{49EFFE1C-BE49-42E8-98A4-9AA9D9E65A5C}.Debug|x64.Build.0 = Debug|Any CPU
		{49EFFE1C-BE49-42E8-98A4-9AA9D9E65A5C}.Debug|x86.ActiveCfg = Debug|Any CPU
		{49EFFE1C-BE49-42E8-98A4-9AA9D9E65A5C}.Debug|x86.Build.0 = Debug|Any CPU
		{49EFFE1C-BE49-42E8-98A4-9AA9D9E65A5C}.Release|Any CPU.ActiveCfg = Release|Any CPU
		{49EFFE1C-BE49-42E8-98A4-9AA9D9E65A5C}.Release|Any CPU.Build.0 = Release|Any CPU
		{49EFFE1C-BE49-42E8-98A4-9AA9D9E65A5C}.Release|ARM.ActiveCfg = Release|Any CPU
		{49EFFE1C-BE49-42E8-98A4-9AA9D9E65A5C}.Release|ARM.Build.0 = Release|Any CPU
		{49EFFE1C-BE49-42E8-98A4-9AA9D9E65A5C}.Release|ARM64.ActiveCfg = Release|Any CPU
		{49EFFE1C-BE49-42E8-98A4-9AA9D9E65A5C}.Release|ARM64.Build.0 = Release|Any CPU
		{49EFFE1C-BE49-42E8-98A4-9AA9D9E65A5C}.Release|iPhone.ActiveCfg = Release|Any CPU
		{49EFFE1C-BE49-42E8-98A4-9AA9D9E65A5C}.Release|iPhone.Build.0 = Release|Any CPU
		{49EFFE1C-BE49-42E8-98A4-9AA9D9E65A5C}.Release|iPhoneSimulator.ActiveCfg = Release|Any CPU
		{49EFFE1C-BE49-42E8-98A4-9AA9D9E65A5C}.Release|iPhoneSimulator.Build.0 = Release|Any CPU
		{49EFFE1C-BE49-42E8-98A4-9AA9D9E65A5C}.Release|x64.ActiveCfg = Release|Any CPU
		{49EFFE1C-BE49-42E8-98A4-9AA9D9E65A5C}.Release|x64.Build.0 = Release|Any CPU
		{49EFFE1C-BE49-42E8-98A4-9AA9D9E65A5C}.Release|x86.ActiveCfg = Release|Any CPU
		{49EFFE1C-BE49-42E8-98A4-9AA9D9E65A5C}.Release|x86.Build.0 = Release|Any CPU
		{98C4D4E3-85A1-4B23-A97C-35794FD87C34}.Ad-Hoc|Any CPU.ActiveCfg = Debug|Any CPU
		{98C4D4E3-85A1-4B23-A97C-35794FD87C34}.Ad-Hoc|Any CPU.Build.0 = Debug|Any CPU
		{98C4D4E3-85A1-4B23-A97C-35794FD87C34}.Ad-Hoc|ARM.ActiveCfg = Debug|Any CPU
		{98C4D4E3-85A1-4B23-A97C-35794FD87C34}.Ad-Hoc|ARM.Build.0 = Debug|Any CPU
		{98C4D4E3-85A1-4B23-A97C-35794FD87C34}.Ad-Hoc|ARM64.ActiveCfg = Debug|Any CPU
		{98C4D4E3-85A1-4B23-A97C-35794FD87C34}.Ad-Hoc|ARM64.Build.0 = Debug|Any CPU
		{98C4D4E3-85A1-4B23-A97C-35794FD87C34}.Ad-Hoc|iPhone.ActiveCfg = Debug|Any CPU
		{98C4D4E3-85A1-4B23-A97C-35794FD87C34}.Ad-Hoc|iPhone.Build.0 = Debug|Any CPU
		{98C4D4E3-85A1-4B23-A97C-35794FD87C34}.Ad-Hoc|iPhoneSimulator.ActiveCfg = Debug|Any CPU
		{98C4D4E3-85A1-4B23-A97C-35794FD87C34}.Ad-Hoc|iPhoneSimulator.Build.0 = Debug|Any CPU
		{98C4D4E3-85A1-4B23-A97C-35794FD87C34}.Ad-Hoc|x64.ActiveCfg = Debug|Any CPU
		{98C4D4E3-85A1-4B23-A97C-35794FD87C34}.Ad-Hoc|x64.Build.0 = Debug|Any CPU
		{98C4D4E3-85A1-4B23-A97C-35794FD87C34}.Ad-Hoc|x86.ActiveCfg = Debug|Any CPU
		{98C4D4E3-85A1-4B23-A97C-35794FD87C34}.Ad-Hoc|x86.Build.0 = Debug|Any CPU
		{98C4D4E3-85A1-4B23-A97C-35794FD87C34}.AppStore|Any CPU.ActiveCfg = Debug|Any CPU
		{98C4D4E3-85A1-4B23-A97C-35794FD87C34}.AppStore|Any CPU.Build.0 = Debug|Any CPU
		{98C4D4E3-85A1-4B23-A97C-35794FD87C34}.AppStore|ARM.ActiveCfg = Debug|Any CPU
		{98C4D4E3-85A1-4B23-A97C-35794FD87C34}.AppStore|ARM.Build.0 = Debug|Any CPU
		{98C4D4E3-85A1-4B23-A97C-35794FD87C34}.AppStore|ARM64.ActiveCfg = Debug|Any CPU
		{98C4D4E3-85A1-4B23-A97C-35794FD87C34}.AppStore|ARM64.Build.0 = Debug|Any CPU
		{98C4D4E3-85A1-4B23-A97C-35794FD87C34}.AppStore|iPhone.ActiveCfg = Debug|Any CPU
		{98C4D4E3-85A1-4B23-A97C-35794FD87C34}.AppStore|iPhone.Build.0 = Debug|Any CPU
		{98C4D4E3-85A1-4B23-A97C-35794FD87C34}.AppStore|iPhoneSimulator.ActiveCfg = Debug|Any CPU
		{98C4D4E3-85A1-4B23-A97C-35794FD87C34}.AppStore|iPhoneSimulator.Build.0 = Debug|Any CPU
		{98C4D4E3-85A1-4B23-A97C-35794FD87C34}.AppStore|x64.ActiveCfg = Debug|Any CPU
		{98C4D4E3-85A1-4B23-A97C-35794FD87C34}.AppStore|x64.Build.0 = Debug|Any CPU
		{98C4D4E3-85A1-4B23-A97C-35794FD87C34}.AppStore|x86.ActiveCfg = Debug|Any CPU
		{98C4D4E3-85A1-4B23-A97C-35794FD87C34}.AppStore|x86.Build.0 = Debug|Any CPU
		{98C4D4E3-85A1-4B23-A97C-35794FD87C34}.Debug|Any CPU.ActiveCfg = Debug|Any CPU
		{98C4D4E3-85A1-4B23-A97C-35794FD87C34}.Debug|Any CPU.Build.0 = Debug|Any CPU
		{98C4D4E3-85A1-4B23-A97C-35794FD87C34}.Debug|ARM.ActiveCfg = Debug|Any CPU
		{98C4D4E3-85A1-4B23-A97C-35794FD87C34}.Debug|ARM.Build.0 = Debug|Any CPU
		{98C4D4E3-85A1-4B23-A97C-35794FD87C34}.Debug|ARM64.ActiveCfg = Debug|Any CPU
		{98C4D4E3-85A1-4B23-A97C-35794FD87C34}.Debug|ARM64.Build.0 = Debug|Any CPU
		{98C4D4E3-85A1-4B23-A97C-35794FD87C34}.Debug|iPhone.ActiveCfg = Debug|Any CPU
		{98C4D4E3-85A1-4B23-A97C-35794FD87C34}.Debug|iPhone.Build.0 = Debug|Any CPU
		{98C4D4E3-85A1-4B23-A97C-35794FD87C34}.Debug|iPhoneSimulator.ActiveCfg = Debug|Any CPU
		{98C4D4E3-85A1-4B23-A97C-35794FD87C34}.Debug|iPhoneSimulator.Build.0 = Debug|Any CPU
		{98C4D4E3-85A1-4B23-A97C-35794FD87C34}.Debug|x64.ActiveCfg = Debug|Any CPU
		{98C4D4E3-85A1-4B23-A97C-35794FD87C34}.Debug|x64.Build.0 = Debug|Any CPU
		{98C4D4E3-85A1-4B23-A97C-35794FD87C34}.Debug|x86.ActiveCfg = Debug|Any CPU
		{98C4D4E3-85A1-4B23-A97C-35794FD87C34}.Debug|x86.Build.0 = Debug|Any CPU
		{98C4D4E3-85A1-4B23-A97C-35794FD87C34}.Release|Any CPU.ActiveCfg = Release|Any CPU
		{98C4D4E3-85A1-4B23-A97C-35794FD87C34}.Release|Any CPU.Build.0 = Release|Any CPU
		{98C4D4E3-85A1-4B23-A97C-35794FD87C34}.Release|ARM.ActiveCfg = Release|Any CPU
		{98C4D4E3-85A1-4B23-A97C-35794FD87C34}.Release|ARM.Build.0 = Release|Any CPU
		{98C4D4E3-85A1-4B23-A97C-35794FD87C34}.Release|ARM64.ActiveCfg = Release|Any CPU
		{98C4D4E3-85A1-4B23-A97C-35794FD87C34}.Release|ARM64.Build.0 = Release|Any CPU
		{98C4D4E3-85A1-4B23-A97C-35794FD87C34}.Release|iPhone.ActiveCfg = Release|Any CPU
		{98C4D4E3-85A1-4B23-A97C-35794FD87C34}.Release|iPhone.Build.0 = Release|Any CPU
		{98C4D4E3-85A1-4B23-A97C-35794FD87C34}.Release|iPhoneSimulator.ActiveCfg = Release|Any CPU
		{98C4D4E3-85A1-4B23-A97C-35794FD87C34}.Release|iPhoneSimulator.Build.0 = Release|Any CPU
		{98C4D4E3-85A1-4B23-A97C-35794FD87C34}.Release|x64.ActiveCfg = Release|Any CPU
		{98C4D4E3-85A1-4B23-A97C-35794FD87C34}.Release|x64.Build.0 = Release|Any CPU
		{98C4D4E3-85A1-4B23-A97C-35794FD87C34}.Release|x86.ActiveCfg = Release|Any CPU
		{98C4D4E3-85A1-4B23-A97C-35794FD87C34}.Release|x86.Build.0 = Release|Any CPU
		{83858CA2-29F3-4F45-94D5-0553A74DB8F6}.Ad-Hoc|Any CPU.ActiveCfg = Debug|Any CPU
		{83858CA2-29F3-4F45-94D5-0553A74DB8F6}.Ad-Hoc|Any CPU.Build.0 = Debug|Any CPU
		{83858CA2-29F3-4F45-94D5-0553A74DB8F6}.Ad-Hoc|ARM.ActiveCfg = Debug|Any CPU
		{83858CA2-29F3-4F45-94D5-0553A74DB8F6}.Ad-Hoc|ARM.Build.0 = Debug|Any CPU
		{83858CA2-29F3-4F45-94D5-0553A74DB8F6}.Ad-Hoc|ARM64.ActiveCfg = Debug|Any CPU
		{83858CA2-29F3-4F45-94D5-0553A74DB8F6}.Ad-Hoc|ARM64.Build.0 = Debug|Any CPU
		{83858CA2-29F3-4F45-94D5-0553A74DB8F6}.Ad-Hoc|iPhone.ActiveCfg = Debug|Any CPU
		{83858CA2-29F3-4F45-94D5-0553A74DB8F6}.Ad-Hoc|iPhone.Build.0 = Debug|Any CPU
		{83858CA2-29F3-4F45-94D5-0553A74DB8F6}.Ad-Hoc|iPhoneSimulator.ActiveCfg = Debug|Any CPU
		{83858CA2-29F3-4F45-94D5-0553A74DB8F6}.Ad-Hoc|iPhoneSimulator.Build.0 = Debug|Any CPU
		{83858CA2-29F3-4F45-94D5-0553A74DB8F6}.Ad-Hoc|x64.ActiveCfg = Debug|Any CPU
		{83858CA2-29F3-4F45-94D5-0553A74DB8F6}.Ad-Hoc|x64.Build.0 = Debug|Any CPU
		{83858CA2-29F3-4F45-94D5-0553A74DB8F6}.Ad-Hoc|x86.ActiveCfg = Debug|Any CPU
		{83858CA2-29F3-4F45-94D5-0553A74DB8F6}.Ad-Hoc|x86.Build.0 = Debug|Any CPU
		{83858CA2-29F3-4F45-94D5-0553A74DB8F6}.AppStore|Any CPU.ActiveCfg = Debug|Any CPU
		{83858CA2-29F3-4F45-94D5-0553A74DB8F6}.AppStore|Any CPU.Build.0 = Debug|Any CPU
		{83858CA2-29F3-4F45-94D5-0553A74DB8F6}.AppStore|ARM.ActiveCfg = Debug|Any CPU
		{83858CA2-29F3-4F45-94D5-0553A74DB8F6}.AppStore|ARM.Build.0 = Debug|Any CPU
		{83858CA2-29F3-4F45-94D5-0553A74DB8F6}.AppStore|ARM64.ActiveCfg = Debug|Any CPU
		{83858CA2-29F3-4F45-94D5-0553A74DB8F6}.AppStore|ARM64.Build.0 = Debug|Any CPU
		{83858CA2-29F3-4F45-94D5-0553A74DB8F6}.AppStore|iPhone.ActiveCfg = Debug|Any CPU
		{83858CA2-29F3-4F45-94D5-0553A74DB8F6}.AppStore|iPhone.Build.0 = Debug|Any CPU
		{83858CA2-29F3-4F45-94D5-0553A74DB8F6}.AppStore|iPhoneSimulator.ActiveCfg = Debug|Any CPU
		{83858CA2-29F3-4F45-94D5-0553A74DB8F6}.AppStore|iPhoneSimulator.Build.0 = Debug|Any CPU
		{83858CA2-29F3-4F45-94D5-0553A74DB8F6}.AppStore|x64.ActiveCfg = Debug|Any CPU
		{83858CA2-29F3-4F45-94D5-0553A74DB8F6}.AppStore|x64.Build.0 = Debug|Any CPU
		{83858CA2-29F3-4F45-94D5-0553A74DB8F6}.AppStore|x86.ActiveCfg = Debug|Any CPU
		{83858CA2-29F3-4F45-94D5-0553A74DB8F6}.AppStore|x86.Build.0 = Debug|Any CPU
		{83858CA2-29F3-4F45-94D5-0553A74DB8F6}.Debug|Any CPU.ActiveCfg = Debug|Any CPU
		{83858CA2-29F3-4F45-94D5-0553A74DB8F6}.Debug|Any CPU.Build.0 = Debug|Any CPU
		{83858CA2-29F3-4F45-94D5-0553A74DB8F6}.Debug|ARM.ActiveCfg = Debug|Any CPU
		{83858CA2-29F3-4F45-94D5-0553A74DB8F6}.Debug|ARM.Build.0 = Debug|Any CPU
		{83858CA2-29F3-4F45-94D5-0553A74DB8F6}.Debug|ARM64.ActiveCfg = Debug|Any CPU
		{83858CA2-29F3-4F45-94D5-0553A74DB8F6}.Debug|ARM64.Build.0 = Debug|Any CPU
		{83858CA2-29F3-4F45-94D5-0553A74DB8F6}.Debug|iPhone.ActiveCfg = Debug|Any CPU
		{83858CA2-29F3-4F45-94D5-0553A74DB8F6}.Debug|iPhone.Build.0 = Debug|Any CPU
		{83858CA2-29F3-4F45-94D5-0553A74DB8F6}.Debug|iPhoneSimulator.ActiveCfg = Debug|Any CPU
		{83858CA2-29F3-4F45-94D5-0553A74DB8F6}.Debug|iPhoneSimulator.Build.0 = Debug|Any CPU
		{83858CA2-29F3-4F45-94D5-0553A74DB8F6}.Debug|x64.ActiveCfg = Debug|Any CPU
		{83858CA2-29F3-4F45-94D5-0553A74DB8F6}.Debug|x64.Build.0 = Debug|Any CPU
		{83858CA2-29F3-4F45-94D5-0553A74DB8F6}.Debug|x86.ActiveCfg = Debug|Any CPU
		{83858CA2-29F3-4F45-94D5-0553A74DB8F6}.Debug|x86.Build.0 = Debug|Any CPU
		{83858CA2-29F3-4F45-94D5-0553A74DB8F6}.Release|Any CPU.ActiveCfg = Release|Any CPU
		{83858CA2-29F3-4F45-94D5-0553A74DB8F6}.Release|Any CPU.Build.0 = Release|Any CPU
		{83858CA2-29F3-4F45-94D5-0553A74DB8F6}.Release|ARM.ActiveCfg = Release|Any CPU
		{83858CA2-29F3-4F45-94D5-0553A74DB8F6}.Release|ARM.Build.0 = Release|Any CPU
		{83858CA2-29F3-4F45-94D5-0553A74DB8F6}.Release|ARM64.ActiveCfg = Release|Any CPU
		{83858CA2-29F3-4F45-94D5-0553A74DB8F6}.Release|ARM64.Build.0 = Release|Any CPU
		{83858CA2-29F3-4F45-94D5-0553A74DB8F6}.Release|iPhone.ActiveCfg = Release|Any CPU
		{83858CA2-29F3-4F45-94D5-0553A74DB8F6}.Release|iPhone.Build.0 = Release|Any CPU
		{83858CA2-29F3-4F45-94D5-0553A74DB8F6}.Release|iPhoneSimulator.ActiveCfg = Release|Any CPU
		{83858CA2-29F3-4F45-94D5-0553A74DB8F6}.Release|iPhoneSimulator.Build.0 = Release|Any CPU
		{83858CA2-29F3-4F45-94D5-0553A74DB8F6}.Release|x64.ActiveCfg = Release|Any CPU
		{83858CA2-29F3-4F45-94D5-0553A74DB8F6}.Release|x64.Build.0 = Release|Any CPU
		{83858CA2-29F3-4F45-94D5-0553A74DB8F6}.Release|x86.ActiveCfg = Release|Any CPU
		{83858CA2-29F3-4F45-94D5-0553A74DB8F6}.Release|x86.Build.0 = Release|Any CPU
	EndGlobalSection
	GlobalSection(SolutionProperties) = preSolution
		HideSolutionNode = FALSE
	EndGlobalSection
	GlobalSection(NestedProjects) = preSolution
		{36A996FC-D266-4527-859A-A99331AAF6EF} = {5496DC9B-8D1B-49E8-BE91-43A5FE089AAB}
		{93F208E4-0A74-46C7-BB18-BB17E1F23D37} = {5496DC9B-8D1B-49E8-BE91-43A5FE089AAB}
		{D5D8D905-35C9-41E1-9259-AEA91E221E0C} = {5496DC9B-8D1B-49E8-BE91-43A5FE089AAB}
		{0C5D7FBC-A406-4B31-A81D-7CD9B4A132DF} = {5496DC9B-8D1B-49E8-BE91-43A5FE089AAB}
		{925AEA36-FD81-4F76-A70B-1E0B14F8B347} = {5496DC9B-8D1B-49E8-BE91-43A5FE089AAB}
		{283620AC-C786-4D35-9CEB-0767F2C86F83} = {5496DC9B-8D1B-49E8-BE91-43A5FE089AAB}
		{49EFFE1C-BE49-42E8-98A4-9AA9D9E65A5C} = {5496DC9B-8D1B-49E8-BE91-43A5FE089AAB}
		{98C4D4E3-85A1-4B23-A97C-35794FD87C34} = {5496DC9B-8D1B-49E8-BE91-43A5FE089AAB}
		{83858CA2-29F3-4F45-94D5-0553A74DB8F6} = {5496DC9B-8D1B-49E8-BE91-43A5FE089AAB}
	EndGlobalSection
	GlobalSection(ExtensibilityGlobals) = postSolution
		SolutionGuid = {D91093AB-CD67-472D-8CEE-D2EC33FD0252}
	EndGlobalSection
EndGlobal
